Microsoft Visual Studio Solution File, Format Version 11.00
# Visual Studio 2008

Project("{254BFDC8-9555-5E74-F1D9-F64A56473847}") = "Boomer", "Assembly-CSharp.csproj", "{0A3440D4-662B-53B1-9BA5-5A1A26D608E4}"
EndProject
Global
	GlobalSection(SolutionConfigurationPlatforms) = preSolution
		Debug|Any CPU = Debug|Any CPU
		Release|Any CPU = Release|Any CPU
	EndGlobalSection
	GlobalSection(ProjectConfigurationPlatforms) = postSolution
		{0A3440D4-662B-53B1-9BA5-5A1A26D608E4}.Debug|Any CPU.ActiveCfg = Debug|Any CPU
		{0A3440D4-662B-53B1-9BA5-5A1A26D608E4}.Debug|Any CPU.Build.0 = Debug|Any CPU
		{0A3440D4-662B-53B1-9BA5-5A1A26D608E4}.Release|Any CPU.ActiveCfg = Release|Any CPU
		{0A3440D4-662B-53B1-9BA5-5A1A26D608E4}.Release|Any CPU.Build.0 = Release|Any CPU
	EndGlobalSection
	GlobalSection(SolutionProperties) = preSolution
		HideSolutionNode = FALSE
	EndGlobalSection
	GlobalSection(MonoDevelopProperties) = preSolution
		StartupItem = Assembly-CSharp.csproj
	EndGlobalSection
EndGlobal
